{
  "name": "geki",
  "version": "0.3.0",
  "lockfileVersion": 3,
  "requires": true,
  "packages": {
    "": {
      "name": "geki",
      "version": "0.3.0",
      "license": "MIT",
      "bin": {
        "geki": "bin/geki.js"
      },
      "engines": {
        "node": ">=20.12.0"
      }
    }
  }
}
